
Microsoft Visual Studio Solution File, Format Version 12.00
# Visual Studio 15
VisualStudioVersion = 15.0.26430.13
MinimumVisualStudioVersion = 10.0.40219.1
Project("{FAE04EC0-301F-11D3-BF4B-00C04F79EFBC}") = "CurriculumVitae", "CurriculumVitae\CurriculumVitae.csproj", "{96508404-03B6-46D9-8DFF-6A7D25EA4739}"
EndProject
Global
	GlobalSection(SolutionConfigurationPlatforms) = preSolution
		Debug|Any CPU = Debug|Any CPU
		Release|Any CPU = Release|Any CPU
	EndGlobalSection
	GlobalSection(ProjectConfigurationPlatforms) = postSolution
		{96508404-03B6-46D9-8DFF-6A7D25EA4739}.Debug|Any CPU.ActiveCfg = Debug|Any CPU
		{96508404-03B6-46D9-8DFF-6A7D25EA4739}.Debug|Any CPU.Build.0 = Debug|Any CPU
		{96508404-03B6-46D9-8DFF-6A7D25EA4739}.Release|Any CPU.ActiveCfg = Release|Any CPU
		{96508404-03B6-46D9-8DFF-6A7D25EA4739}.Release|Any CPU.Build.0 = Release|Any CPU
	EndGlobalSection
	GlobalSection(SolutionProperties) = preSolution
		HideSolutionNode = FALSE
	EndGlobalSection
EndGlobal
